{
  "name": "repoT1",
  "version": "1.0.0",
  "lockfileVersion": 1,
  "requires": true,
  "dependencies": {
    "is-prime-number": {
      "version": "2.1.0",
      "resolved": "https://registry.npmjs.org/is-prime-number/-/is-prime-number-2.1.0.tgz",
      "integrity": "sha512-002ehQn8QN14iXK2bOoHkQXfhOCRHmbwhs/a7rzxD75Tb/EhWvcxGmNKj+jNf1MyVYgmY0EQ7GurQzbwk3vADQ=="
    },
    "readline-sync": {
      "version": "1.4.9",
      "resolved": "https://registry.npmjs.org/readline-sync/-/readline-sync-1.4.9.tgz",
      "integrity": "sha1-PtqOZfI80qF+YTAbHwADOWr17No="
    }
  }
}
